
Microsoft Visual Studio Solution File, Format Version 12.00
# Visual Studio Version 16
VisualStudioVersion = 16.0.32630.194
MinimumVisualStudioVersion = 10.0.40219.1
Project("{FAE04EC0-301F-11D3-BF4B-00C04F79EFBC}") = "MyLib", "MyLib\MyLib.csproj", "{CC4EEB8E-CFE5-4138-8435-96D80F9CDDDD}"
EndProject
Project("{FAE04EC0-301F-11D3-BF4B-00C04F79EFBC}") = "TestProject1", "TestProject1\TestProject1.csproj", "{6ADE7AF6-5A14-487D-A9B8-D3EA558174D1}"
EndProject
Global
	GlobalSection(SolutionConfigurationPlatforms) = preSolution
		Debug|Any CPU = Debug|Any CPU
		Release|Any CPU = Release|Any CPU
	EndGlobalSection
	GlobalSection(ProjectConfigurationPlatforms) = postSolution
		{CC4EEB8E-CFE5-4138-8435-96D80F9CDDDD}.Debug|Any CPU.ActiveCfg = Debug|Any CPU
		{CC4EEB8E-CFE5-4138-8435-96D80F9CDDDD}.Debug|Any CPU.Build.0 = Debug|Any CPU
		{CC4EEB8E-CFE5-4138-8435-96D80F9CDDDD}.Release|Any CPU.ActiveCfg = Release|Any CPU
		{CC4EEB8E-CFE5-4138-8435-96D80F9CDDDD}.Release|Any CPU.Build.0 = Release|Any CPU
		{6ADE7AF6-5A14-487D-A9B8-D3EA558174D1}.Debug|Any CPU.ActiveCfg = Debug|Any CPU
		{6ADE7AF6-5A14-487D-A9B8-D3EA558174D1}.Debug|Any CPU.Build.0 = Debug|Any CPU
		{6ADE7AF6-5A14-487D-A9B8-D3EA558174D1}.Release|Any CPU.ActiveCfg = Release|Any CPU
		{6ADE7AF6-5A14-487D-A9B8-D3EA558174D1}.Release|Any CPU.Build.0 = Release|Any CPU
	EndGlobalSection
	GlobalSection(SolutionProperties) = preSolution
		HideSolutionNode = FALSE
	EndGlobalSection
	GlobalSection(ExtensibilityGlobals) = postSolution
		SolutionGuid = {FEF6D391-C256-4AB8-BD6E-1B6ECC3474C0}
	EndGlobalSection
EndGlobal
